
Microsoft Visual Studio Solution File, Format Version 12.00
# Visual Studio 2013
VisualStudioVersion = 12.0.31101.0
MinimumVisualStudioVersion = 10.0.40219.1
Project("{FAE04EC0-301F-11D3-BF4B-00C04F79EFBC}") = "Admin", "Admin\Admin.csproj", "{70544849-A8CB-4A6D-8355-9DA36C5F9832}"
EndProject
Project("{FAE04EC0-301F-11D3-BF4B-00C04F79EFBC}") = "Admin.Tests", "Admin.Tests\Admin.Tests.csproj", "{B99A5988-CE48-43A8-912F-50198E884526}"
EndProject
Global
	GlobalSection(SolutionConfigurationPlatforms) = preSolution
		Debug|Any CPU = Debug|Any CPU
		Release|Any CPU = Release|Any CPU
	EndGlobalSection
	GlobalSection(ProjectConfigurationPlatforms) = postSolution
		{70544849-A8CB-4A6D-8355-9DA36C5F9832}.Debug|Any CPU.ActiveCfg = Debug|Any CPU
		{70544849-A8CB-4A6D-8355-9DA36C5F9832}.Debug|Any CPU.Build.0 = Debug|Any CPU
		{70544849-A8CB-4A6D-8355-9DA36C5F9832}.Release|Any CPU.ActiveCfg = Release|Any CPU
		{70544849-A8CB-4A6D-8355-9DA36C5F9832}.Release|Any CPU.Build.0 = Release|Any CPU
		{B99A5988-CE48-43A8-912F-50198E884526}.Debug|Any CPU.ActiveCfg = Debug|Any CPU
		{B99A5988-CE48-43A8-912F-50198E884526}.Debug|Any CPU.Build.0 = Debug|Any CPU
		{B99A5988-CE48-43A8-912F-50198E884526}.Release|Any CPU.ActiveCfg = Release|Any CPU
		{B99A5988-CE48-43A8-912F-50198E884526}.Release|Any CPU.Build.0 = Release|Any CPU
	EndGlobalSection
	GlobalSection(SolutionProperties) = preSolution
		HideSolutionNode = FALSE
	EndGlobalSection
EndGlobal
